
Microsoft Visual Studio Solution File, Format Version 12.00
# Visual Studio Version 17
VisualStudioVersion = 17.13.35919.96 d17.13
MinimumVisualStudioVersion = 10.0.40219.1
Project("{FAE04EC0-301F-11D3-BF4B-00C04F79EFBC}") = "SpamMensagemWhatsApp", "SpamMensagemWhatsApp\SpamMensagemWhatsApp.csproj", "{2E25F30C-72DD-4942-92C8-14E7A1CDA502}"
EndProject
Global
	GlobalSection(SolutionConfigurationPlatforms) = preSolution
		Debug|Any CPU = Debug|Any CPU
		Release|Any CPU = Release|Any CPU
	EndGlobalSection
	GlobalSection(ProjectConfigurationPlatforms) = postSolution
		{2E25F30C-72DD-4942-92C8-14E7A1CDA502}.Debug|Any CPU.ActiveCfg = Debug|Any CPU
		{2E25F30C-72DD-4942-92C8-14E7A1CDA502}.Debug|Any CPU.Build.0 = Debug|Any CPU
		{2E25F30C-72DD-4942-92C8-14E7A1CDA502}.Release|Any CPU.ActiveCfg = Release|Any CPU
		{2E25F30C-72DD-4942-92C8-14E7A1CDA502}.Release|Any CPU.Build.0 = Release|Any CPU
	EndGlobalSection
	GlobalSection(SolutionProperties) = preSolution
		HideSolutionNode = FALSE
	EndGlobalSection
	GlobalSection(ExtensibilityGlobals) = postSolution
		SolutionGuid = {915D3885-BDA6-4FCE-917A-D987D6FC5005}
	EndGlobalSection
EndGlobal
